
Microsoft Visual Studio Solution File, Format Version 12.00
# Visual Studio Version 17
VisualStudioVersion = 17.14.36603.0 d17.14
MinimumVisualStudioVersion = 10.0.40219.1
Project("{FAE04EC0-301F-11D3-BF4B-00C04F79EFBC}") = "ParseOCR_JSON", "ParseOCR_JSON\ParseOCR_JSON.csproj", "{6ABDDE61-DB17-4F9D-8235-789F17222064}"
EndProject
Global
	GlobalSection(SolutionConfigurationPlatforms) = preSolution
		Debug|Any CPU = Debug|Any CPU
		Release|Any CPU = Release|Any CPU
	EndGlobalSection
	GlobalSection(ProjectConfigurationPlatforms) = postSolution
		{6ABDDE61-DB17-4F9D-8235-789F17222064}.Debug|Any CPU.ActiveCfg = Debug|Any CPU
		{6ABDDE61-DB17-4F9D-8235-789F17222064}.Debug|Any CPU.Build.0 = Debug|Any CPU
		{6ABDDE61-DB17-4F9D-8235-789F17222064}.Release|Any CPU.ActiveCfg = Release|Any CPU
		{6ABDDE61-DB17-4F9D-8235-789F17222064}.Release|Any CPU.Build.0 = Release|Any CPU
	EndGlobalSection
	GlobalSection(SolutionProperties) = preSolution
		HideSolutionNode = FALSE
	EndGlobalSection
	GlobalSection(ExtensibilityGlobals) = postSolution
		SolutionGuid = {25435472-9674-45EA-92D5-5A696DBAC73A}
	EndGlobalSection
EndGlobal
