
Microsoft Visual Studio Solution File, Format Version 12.00
# Visual Studio Version 17
VisualStudioVersion = 17.14.36212.18 d17.14
MinimumVisualStudioVersion = 10.0.40219.1
Project("{FAE04EC0-301F-11D3-BF4B-00C04F79EFBC}") = "ConsoleAppHtmlAgilityPack", "ConsoleAppHtmlAgilityPack\ConsoleAppHtmlAgilityPack.csproj", "{0331EC40-13FC-493A-B096-AAFA4E494C11}"
EndProject
Global
	GlobalSection(SolutionConfigurationPlatforms) = preSolution
		Debug|Any CPU = Debug|Any CPU
		Release|Any CPU = Release|Any CPU
	EndGlobalSection
	GlobalSection(ProjectConfigurationPlatforms) = postSolution
		{0331EC40-13FC-493A-B096-AAFA4E494C11}.Debug|Any CPU.ActiveCfg = Debug|Any CPU
		{0331EC40-13FC-493A-B096-AAFA4E494C11}.Debug|Any CPU.Build.0 = Debug|Any CPU
		{0331EC40-13FC-493A-B096-AAFA4E494C11}.Release|Any CPU.ActiveCfg = Release|Any CPU
		{0331EC40-13FC-493A-B096-AAFA4E494C11}.Release|Any CPU.Build.0 = Release|Any CPU
	EndGlobalSection
	GlobalSection(SolutionProperties) = preSolution
		HideSolutionNode = FALSE
	EndGlobalSection
	GlobalSection(ExtensibilityGlobals) = postSolution
		SolutionGuid = {B1BDB57E-F4E7-45A6-B036-70CD177F5718}
	EndGlobalSection
EndGlobal
